// !$*UTF8*$!
{
	archiveVersion = 1;
	classes = {
	};
	objectVersion = 56;
	objects = {

/* Begin PBXBuildFile section */
		CE3EF3252CAC53CB00F39E96 /* AppDelegate.swift in Sources */ = {isa = PBXBuildFile; fileRef = CE3EF3242CAC53CB00F39E96 /* AppDelegate.swift */; };
		CE3EF32B2CAC53CB00F39E96 /* FreePlayScene.swift in Sources */ = {isa = PBXBuildFile; fileRef = CE3EF32A2CAC53CB00F39E96 /* FreePlayScene.swift */; };
		CE3EF32D2CAC53CB00F39E96 /* GameViewController.swift in Sources */ = {isa = PBXBuildFile; fileRef = CE3EF32C2CAC53CB00F39E96 /* GameViewController.swift */; };
		CE3EF3302CAC53CB00F39E96 /* Base in Resources */ = {isa = PBXBuildFile; fileRef = CE3EF32F2CAC53CB00F39E96 /* Base */; };
		CE3EF3322CAC53CD00F39E96 /* Assets.xcassets in Resources */ = {isa = PBXBuildFile; fileRef = CE3EF3312CAC53CD00F39E96 /* Assets.xcassets */; };
		CE3EF3352CAC53CD00F39E96 /* Base in Resources */ = {isa = PBXBuildFile; fileRef = CE3EF3342CAC53CD00F39E96 /* Base */; };
		CE3EF34D2CAC54B900F39E96 /* superScore.wav in Resources */ = {isa = PBXBuildFile; fileRef = CE3EF3442CAC54B900F39E96 /* superScore.wav */; };
		CE3EF3532CAD377B00F39E96 /* PlayerNode.swift in Sources */ = {isa = PBXBuildFile; fileRef = CE3EF3522CAD377B00F39E96 /* PlayerNode.swift */; };
		CE3EF3552CAD4B3400F39E96 /* UIColor + Ext.swift in Sources */ = {isa = PBXBuildFile; fileRef = CE3EF3542CAD4B3400F39E96 /* UIColor + Ext.swift */; };
		CE3EF3642CAD6A1D00F39E96 /* Types.swift in Sources */ = {isa = PBXBuildFile; fileRef = CE3EF3632CAD6A1D00F39E96 /* Types.swift */; };
		CE3EF3932CAFD3AE00F39E96 /* HUDNode.swift in Sources */ = {isa = PBXBuildFile; fileRef = CE3EF3922CAFD3AE00F39E96 /* HUDNode.swift */; };
		CE3EF3952CAFF70400F39E96 /* GemNode.swift in Sources */ = {isa = PBXBuildFile; fileRef = CE3EF3942CAFF70400F39E96 /* GemNode.swift */; };
		CE3EF3992CB0461000F39E96 /* LevelsGameScene.swift in Sources */ = {isa = PBXBuildFile; fileRef = CE3EF3982CB0461000F39E96 /* LevelsGameScene.swift */; };
		CE3EF39D2CB0551700F39E96 /* MainMenu.swift in Sources */ = {isa = PBXBuildFile; fileRef = CE3EF39C2CB0551700F39E96 /* MainMenu.swift */; };
		CE3EF3A12CB53E6400F39E96 /* Montserrat-ExtraBold.ttf in Resources */ = {isa = PBXBuildFile; fileRef = CE3EF3A02CB53E6300F39E96 /* Montserrat-ExtraBold.ttf */; };
		CE3EF3A52CB57E9B00F39E96 /* StoreScene.swift in Sources */ = {isa = PBXBuildFile; fileRef = CE3EF3A42CB57E9B00F39E96 /* StoreScene.swift */; };
		CE3EF3A72CB6903C00F39E96 /* LevelsScene.swift in Sources */ = {isa = PBXBuildFile; fileRef = CE3EF3A62CB6903C00F39E96 /* LevelsScene.swift */; };
		CE3EF3AB2CB80BC500F39E96 /* Cosmo Ball Game Song.mp3 in Resources */ = {isa = PBXBuildFile; fileRef = CE3EF3AA2CB80BC500F39E96 /* Cosmo Ball Game Song.mp3 */; };
		CE3EF3AD2CB80D1800F39E96 /* AudioSettingsManager.swift in Sources */ = {isa = PBXBuildFile; fileRef = CE3EF3AC2CB80D1800F39E96 /* AudioSettingsManager.swift */; };
		CE3EF3B02CB8141D00F39E96 /* TopMenu.swift in Sources */ = {isa = PBXBuildFile; fileRef = CE3EF3AF2CB8141D00F39E96 /* TopMenu.swift */; };
		CE3EF3B22CB8142E00F39E96 /* SettingsMenu.swift in Sources */ = {isa = PBXBuildFile; fileRef = CE3EF3B12CB8142E00F39E96 /* SettingsMenu.swift */; };
		CE3EF3B42CB830F100F39E96 /* Cosmo Ball Game Song-2.mp3 in Resources */ = {isa = PBXBuildFile; fileRef = CE3EF3B32CB830F100F39E96 /* Cosmo Ball Game Song-2.mp3 */; };
		CE3EF3B62CB92A0900F39E96 /* GameDataManager.swift in Sources */ = {isa = PBXBuildFile; fileRef = CE3EF3B52CB92A0900F39E96 /* GameDataManager.swift */; };
		CE3EF3B82CB9541300F39E96 /* PlatformNode.swift in Sources */ = {isa = PBXBuildFile; fileRef = CE3EF3B72CB9541300F39E96 /* PlatformNode.swift */; };
		CEA5A96D2CBD28FC00B7CEED /* PlatformManager.swift in Sources */ = {isa = PBXBuildFile; fileRef = CEA5A96C2CBD28FC00B7CEED /* PlatformManager.swift */; };
		CEA5A9712CBD293F00B7CEED /* ScoreManager.swift in Sources */ = {isa = PBXBuildFile; fileRef = CEA5A9702CBD293F00B7CEED /* ScoreManager.swift */; };
		CEA5A9732CBE7C4300B7CEED /* TrophyMenu.swift in Sources */ = {isa = PBXBuildFile; fileRef = CEA5A9722CBE7C4300B7CEED /* TrophyMenu.swift */; };
		CEA5A9752CBFA01A00B7CEED /* StarNode.swift in Sources */ = {isa = PBXBuildFile; fileRef = CEA5A9742CBFA01A00B7CEED /* StarNode.swift */; };
		CEA5A9772CC11AE700B7CEED /* jump.wav in Resources */ = {isa = PBXBuildFile; fileRef = CEA5A9762CC11AE700B7CEED /* jump.wav */; };
		CEAA1E352CBC607D00DCA471 /* SceneSizeManager.swift in Sources */ = {isa = PBXBuildFile; fileRef = CEAA1E342CBC607D00DCA471 /* SceneSizeManager.swift */; };
/* End PBXBuildFile section */

/* Begin PBXFileReference section */
		CE3EF3212CAC53CB00F39E96 /* Jump.app */ = {isa = PBXFileReference; explicitFileType = wrapper.application; includeInIndex = 0; path = Jump.app; sourceTree = BUILT_PRODUCTS_DIR; };
		CE3EF3242CAC53CB00F39E96 /* AppDelegate.swift */ = {isa = PBXFileReference; lastKnownFileType = sourcecode.swift; path = AppDelegate.swift; sourceTree = "<group>"; };
		CE3EF32A2CAC53CB00F39E96 /* FreePlayScene.swift */ = {isa = PBXFileReference; lastKnownFileType = sourcecode.swift; path = FreePlayScene.swift; sourceTree = "<group>"; };
		CE3EF32C2CAC53CB00F39E96 /* GameViewController.swift */ = {isa = PBXFileReference; lastKnownFileType = sourcecode.swift; path = GameViewController.swift; sourceTree = "<group>"; };
		CE3EF32F2CAC53CB00F39E96 /* Base */ = {isa = PBXFileReference; lastKnownFileType = file.storyboard; name = Base; path = Base.lproj/Main.storyboard; sourceTree = "<group>"; };
		CE3EF3312CAC53CD00F39E96 /* Assets.xcassets */ = {isa = PBXFileReference; lastKnownFileType = folder.assetcatalog; path = Assets.xcassets; sourceTree = "<group>"; };
		CE3EF3342CAC53CD00F39E96 /* Base */ = {isa = PBXFileReference; lastKnownFileType = file.storyboard; name = Base; path = Base.lproj/LaunchScreen.storyboard; sourceTree = "<group>"; };
		CE3EF3442CAC54B900F39E96 /* superScore.wav */ = {isa = PBXFileReference; lastKnownFileType = audio.wav; path = superScore.wav; sourceTree = "<group>"; };
		CE3EF3502CAC558600F39E96 /* Info.plist */ = {isa = PBXFileReference; lastKnownFileType = text.plist; path = Info.plist; sourceTree = "<group>"; };
		CE3EF3522CAD377B00F39E96 /* PlayerNode.swift */ = {isa = PBXFileReference; lastKnownFileType = sourcecode.swift; path = PlayerNode.swift; sourceTree = "<group>"; };
		CE3EF3542CAD4B3400F39E96 /* UIColor + Ext.swift */ = {isa = PBXFileReference; lastKnownFileType = sourcecode.swift; path = "UIColor + Ext.swift"; sourceTree = "<group>"; };
		CE3EF3632CAD6A1D00F39E96 /* Types.swift */ = {isa = PBXFileReference; lastKnownFileType = sourcecode.swift; path = Types.swift; sourceTree = "<group>"; };
		CE3EF3922CAFD3AE00F39E96 /* HUDNode.swift */ = {isa = PBXFileReference; lastKnownFileType = sourcecode.swift; path = HUDNode.swift; sourceTree = "<group>"; };
		CE3EF3942CAFF70400F39E96 /* GemNode.swift */ = {isa = PBXFileReference; lastKnownFileType = sourcecode.swift; path = GemNode.swift; sourceTree = "<group>"; };
		CE3EF3982CB0461000F39E96 /* LevelsGameScene.swift */ = {isa = PBXFileReference; lastKnownFileType = sourcecode.swift; path = LevelsGameScene.swift; sourceTree = "<group>"; };
		CE3EF39C2CB0551700F39E96 /* MainMenu.swift */ = {isa = PBXFileReference; lastKnownFileType = sourcecode.swift; path = MainMenu.swift; sourceTree = "<group>"; };
		CE3EF3A02CB53E6300F39E96 /* Montserrat-ExtraBold.ttf */ = {isa = PBXFileReference; lastKnownFileType = file; path = "Montserrat-ExtraBold.ttf"; sourceTree = "<group>"; };
		CE3EF3A42CB57E9B00F39E96 /* StoreScene.swift */ = {isa = PBXFileReference; lastKnownFileType = sourcecode.swift; path = StoreScene.swift; sourceTree = "<group>"; };
		CE3EF3A62CB6903C00F39E96 /* LevelsScene.swift */ = {isa = PBXFileReference; lastKnownFileType = sourcecode.swift; path = LevelsScene.swift; sourceTree = "<group>"; };
		CE3EF3AA2CB80BC500F39E96 /* Cosmo Ball Game Song.mp3 */ = {isa = PBXFileReference; lastKnownFileType = audio.mp3; path = "Cosmo Ball Game Song.mp3"; sourceTree = "<group>"; };
		CE3EF3AC2CB80D1800F39E96 /* AudioSettingsManager.swift */ = {isa = PBXFileReference; lastKnownFileType = sourcecode.swift; path = AudioSettingsManager.swift; sourceTree = "<group>"; };
		CE3EF3AF2CB8141D00F39E96 /* TopMenu.swift */ = {isa = PBXFileReference; lastKnownFileType = sourcecode.swift; path = TopMenu.swift; sourceTree = "<group>"; };
		CE3EF3B12CB8142E00F39E96 /* SettingsMenu.swift */ = {isa = PBXFileReference; lastKnownFileType = sourcecode.swift; path = SettingsMenu.swift; sourceTree = "<group>"; };
		CE3EF3B32CB830F100F39E96 /* Cosmo Ball Game Song-2.mp3 */ = {isa = PBXFileReference; lastKnownFileType = audio.mp3; path = "Cosmo Ball Game Song-2.mp3"; sourceTree = "<group>"; };
		CE3EF3B52CB92A0900F39E96 /* GameDataManager.swift */ = {isa = PBXFileReference; lastKnownFileType = sourcecode.swift; path = GameDataManager.swift; sourceTree = "<group>"; };
		CE3EF3B72CB9541300F39E96 /* PlatformNode.swift */ = {isa = PBXFileReference; lastKnownFileType = sourcecode.swift; path = PlatformNode.swift; sourceTree = "<group>"; };
		CEA5A96C2CBD28FC00B7CEED /* PlatformManager.swift */ = {isa = PBXFileReference; lastKnownFileType = sourcecode.swift; path = PlatformManager.swift; sourceTree = "<group>"; };
		CEA5A9702CBD293F00B7CEED /* ScoreManager.swift */ = {isa = PBXFileReference; lastKnownFileType = sourcecode.swift; path = ScoreManager.swift; sourceTree = "<group>"; };
		CEA5A9722CBE7C4300B7CEED /* TrophyMenu.swift */ = {isa = PBXFileReference; lastKnownFileType = sourcecode.swift; path = TrophyMenu.swift; sourceTree = "<group>"; };
		CEA5A9742CBFA01A00B7CEED /* StarNode.swift */ = {isa = PBXFileReference; lastKnownFileType = sourcecode.swift; path = StarNode.swift; sourceTree = "<group>"; };
		CEA5A9762CC11AE700B7CEED /* jump.wav */ = {isa = PBXFileReference; lastKnownFileType = audio.wav; path = jump.wav; sourceTree = "<group>"; };
		CEAA1E342CBC607D00DCA471 /* SceneSizeManager.swift */ = {isa = PBXFileReference; lastKnownFileType = sourcecode.swift; path = SceneSizeManager.swift; sourceTree = "<group>"; };
/* End PBXFileReference section */

/* Begin PBXFrameworksBuildPhase section */
		CE3EF31E2CAC53CB00F39E96 /* Frameworks */ = {
			isa = PBXFrameworksBuildPhase;
			buildActionMask = 2147483647;
			files = (
			);
			runOnlyForDeploymentPostprocessing = 0;
		};
/* End PBXFrameworksBuildPhase section */

/* Begin PBXGroup section */
		CE3EF3182CAC53CB00F39E96 = {
			isa = PBXGroup;
			children = (
				CE3EF3232CAC53CB00F39E96 /* Jump */,
				CE3EF3222CAC53CB00F39E96 /* Products */,
			);
			sourceTree = "<group>";
		};
		CE3EF3222CAC53CB00F39E96 /* Products */ = {
			isa = PBXGroup;
			children = (
				CE3EF3212CAC53CB00F39E96 /* Jump.app */,
			);
			name = Products;
			sourceTree = "<group>";
		};
		CE3EF3232CAC53CB00F39E96 /* Jump */ = {
			isa = PBXGroup;
			children = (
				CE3EF33B2CAC544900F39E96 /* Delegates */,
				CE3EF3652CAD6A2300F39E96 /* MyUtills */,
				CE3EF3AE2CB813F300F39E96 /* UIComponents */,
				CE3EF3562CAD4B3900F39E96 /* Extensions */,
				CE3EF3512CAD375F00F39E96 /* Nodes */,
				CE3EF33C2CAC546F00F39E96 /* Scenes */,
				CE3EF33D2CAC547900F39E96 /* Controllers */,
				CE3EF33E2CAC548C00F39E96 /* Mains */,
				CE3EF33F2CAC549D00F39E96 /* Resources */,
				CE3EF3332CAC53CD00F39E96 /* LaunchScreen.storyboard */,
			);
			path = Jump;
			sourceTree = "<group>";
		};
		CE3EF33B2CAC544900F39E96 /* Delegates */ = {
			isa = PBXGroup;
			children = (
				CE3EF3242CAC53CB00F39E96 /* AppDelegate.swift */,
			);
			name = Delegates;
			sourceTree = "<group>";
		};
		CE3EF33C2CAC546F00F39E96 /* Scenes */ = {
			isa = PBXGroup;
			children = (
				CE3EF32A2CAC53CB00F39E96 /* FreePlayScene.swift */,
				CE3EF3982CB0461000F39E96 /* LevelsGameScene.swift */,
				CE3EF3A62CB6903C00F39E96 /* LevelsScene.swift */,
				CE3EF3A42CB57E9B00F39E96 /* StoreScene.swift */,
				CE3EF39C2CB0551700F39E96 /* MainMenu.swift */,
			);
			name = Scenes;
			sourceTree = "<group>";
		};
		CE3EF33D2CAC547900F39E96 /* Controllers */ = {
			isa = PBXGroup;
			children = (
				CE3EF32C2CAC53CB00F39E96 /* GameViewController.swift */,
			);
			name = Controllers;
			sourceTree = "<group>";
		};
		CE3EF33E2CAC548C00F39E96 /* Mains */ = {
			isa = PBXGroup;
			children = (
				CE3EF32E2CAC53CB00F39E96 /* Main.storyboard */,
			);
			name = Mains;
			sourceTree = "<group>";
		};
		CE3EF33F2CAC549D00F39E96 /* Resources */ = {
			isa = PBXGroup;
			children = (
				CE3EF3502CAC558600F39E96 /* Info.plist */,
				CE3EF3482CAC54B900F39E96 /* Fonts */,
				CE3EF3452CAC54B900F39E96 /* Sounds */,
				CE3EF3312CAC53CD00F39E96 /* Assets.xcassets */,
			);
			name = Resources;
			sourceTree = "<group>";
		};
		CE3EF3452CAC54B900F39E96 /* Sounds */ = {
			isa = PBXGroup;
			children = (
				CE3EF3B32CB830F100F39E96 /* Cosmo Ball Game Song-2.mp3 */,
				CE3EF3AA2CB80BC500F39E96 /* Cosmo Ball Game Song.mp3 */,
				CEA5A9762CC11AE700B7CEED /* jump.wav */,
				CE3EF3442CAC54B900F39E96 /* superScore.wav */,
			);
			path = Sounds;
			sourceTree = "<group>";
		};
		CE3EF3482CAC54B900F39E96 /* Fonts */ = {
			isa = PBXGroup;
			children = (
				CE3EF3A02CB53E6300F39E96 /* Montserrat-ExtraBold.ttf */,
			);
			path = Fonts;
			sourceTree = "<group>";
		};
		CE3EF3512CAD375F00F39E96 /* Nodes */ = {
			isa = PBXGroup;
			children = (
				CE3EF3522CAD377B00F39E96 /* PlayerNode.swift */,
				CE3EF3922CAFD3AE00F39E96 /* HUDNode.swift */,
				CE3EF3942CAFF70400F39E96 /* GemNode.swift */,
				CEA5A9742CBFA01A00B7CEED /* StarNode.swift */,
				CE3EF3B72CB9541300F39E96 /* PlatformNode.swift */,
			);
			name = Nodes;
			sourceTree = "<group>";
		};
		CE3EF3562CAD4B3900F39E96 /* Extensions */ = {
			isa = PBXGroup;
			children = (
				CE3EF3542CAD4B3400F39E96 /* UIColor + Ext.swift */,
			);
			name = Extensions;
			sourceTree = "<group>";
		};
		CE3EF3652CAD6A2300F39E96 /* MyUtills */ = {
			isa = PBXGroup;
			children = (
				CE3EF3632CAD6A1D00F39E96 /* Types.swift */,
				CE3EF3AC2CB80D1800F39E96 /* AudioSettingsManager.swift */,
				CEAA1E342CBC607D00DCA471 /* SceneSizeManager.swift */,
				CE3EF3B52CB92A0900F39E96 /* GameDataManager.swift */,
				CEA5A96C2CBD28FC00B7CEED /* PlatformManager.swift */,
				CEA5A9702CBD293F00B7CEED /* ScoreManager.swift */,
			);
			name = MyUtills;
			sourceTree = "<group>";
		};
		CE3EF3AE2CB813F300F39E96 /* UIComponents */ = {
			isa = PBXGroup;
			children = (
				CE3EF3AF2CB8141D00F39E96 /* TopMenu.swift */,
				CE3EF3B12CB8142E00F39E96 /* SettingsMenu.swift */,
				CEA5A9722CBE7C4300B7CEED /* TrophyMenu.swift */,
			);
			path = UIComponents;
			sourceTree = "<group>";
		};
/* End PBXGroup section */

/* Begin PBXNativeTarget section */
		CE3EF3202CAC53CB00F39E96 /* Jump */ = {
			isa = PBXNativeTarget;
			buildConfigurationList = CE3EF3382CAC53CD00F39E96 /* Build configuration list for PBXNativeTarget "Jump" */;
			buildPhases = (
				CE3EF31D2CAC53CB00F39E96 /* Sources */,
				CE3EF31E2CAC53CB00F39E96 /* Frameworks */,
				CE3EF31F2CAC53CB00F39E96 /* Resources */,
			);
			buildRules = (
			);
			dependencies = (
			);
			name = Jump;
			productName = Jump;
			productReference = CE3EF3212CAC53CB00F39E96 /* Jump.app */;
			productType = "com.apple.product-type.application";
		};
/* End PBXNativeTarget section */

/* Begin PBXProject section */
		CE3EF3192CAC53CB00F39E96 /* Project object */ = {
			isa = PBXProject;
			attributes = {
				BuildIndependentTargetsInParallel = 1;
				LastSwiftUpdateCheck = 1540;
				LastUpgradeCheck = 1540;
				TargetAttributes = {
					CE3EF3202CAC53CB00F39E96 = {
						CreatedOnToolsVersion = 15.4;
					};
				};
			};
			buildConfigurationList = CE3EF31C2CAC53CB00F39E96 /* Build configuration list for PBXProject "Jump" */;
			compatibilityVersion = "Xcode 14.0";
			developmentRegion = en;
			hasScannedForEncodings = 0;
			knownRegions = (
				en,
				Base,
			);
			mainGroup = CE3EF3182CAC53CB00F39E96;
			productRefGroup = CE3EF3222CAC53CB00F39E96 /* Products */;
			projectDirPath = "";
			projectRoot = "";
			targets = (
				CE3EF3202CAC53CB00F39E96 /* Jump */,
			);
		};
/* End PBXProject section */

/* Begin PBXResourcesBuildPhase section */
		CE3EF31F2CAC53CB00F39E96 /* Resources */ = {
			isa = PBXResourcesBuildPhase;
			buildActionMask = 2147483647;
			files = (
				CEA5A9772CC11AE700B7CEED /* jump.wav in Resources */,
				CE3EF34D2CAC54B900F39E96 /* superScore.wav in Resources */,
				CE3EF3302CAC53CB00F39E96 /* Base in Resources */,
				CE3EF3AB2CB80BC500F39E96 /* Cosmo Ball Game Song.mp3 in Resources */,
				CE3EF3322CAC53CD00F39E96 /* Assets.xcassets in Resources */,
				CE3EF3A12CB53E6400F39E96 /* Montserrat-ExtraBold.ttf in Resources */,
				CE3EF3B42CB830F100F39E96 /* Cosmo Ball Game Song-2.mp3 in Resources */,
				CE3EF3352CAC53CD00F39E96 /* Base in Resources */,
			);
			runOnlyForDeploymentPostprocessing = 0;
		};
/* End PBXResourcesBuildPhase section */

/* Begin PBXSourcesBuildPhase section */
		CE3EF31D2CAC53CB00F39E96 /* Sources */ = {
			isa = PBXSourcesBuildPhase;
			buildActionMask = 2147483647;
			files = (
				CE3EF32B2CAC53CB00F39E96 /* FreePlayScene.swift in Sources */,
				CE3EF32D2CAC53CB00F39E96 /* GameViewController.swift in Sources */,
				CE3EF3B62CB92A0900F39E96 /* GameDataManager.swift in Sources */,
				CE3EF3642CAD6A1D00F39E96 /* Types.swift in Sources */,
				CE3EF3552CAD4B3400F39E96 /* UIColor + Ext.swift in Sources */,
				CE3EF3A72CB6903C00F39E96 /* LevelsScene.swift in Sources */,
				CE3EF3532CAD377B00F39E96 /* PlayerNode.swift in Sources */,
				CE3EF3B02CB8141D00F39E96 /* TopMenu.swift in Sources */,
				CE3EF3A52CB57E9B00F39E96 /* StoreScene.swift in Sources */,
				CE3EF3AD2CB80D1800F39E96 /* AudioSettingsManager.swift in Sources */,
				CE3EF3252CAC53CB00F39E96 /* AppDelegate.swift in Sources */,
				CE3EF3B22CB8142E00F39E96 /* SettingsMenu.swift in Sources */,
				CE3EF3992CB0461000F39E96 /* LevelsGameScene.swift in Sources */,
				CE3EF3932CAFD3AE00F39E96 /* HUDNode.swift in Sources */,
				CEAA1E352CBC607D00DCA471 /* SceneSizeManager.swift in Sources */,
				CE3EF39D2CB0551700F39E96 /* MainMenu.swift in Sources */,
				CEA5A96D2CBD28FC00B7CEED /* PlatformManager.swift in Sources */,
				CEA5A9752CBFA01A00B7CEED /* StarNode.swift in Sources */,
				CE3EF3B82CB9541300F39E96 /* PlatformNode.swift in Sources */,
				CE3EF3952CAFF70400F39E96 /* GemNode.swift in Sources */,
				CEA5A9712CBD293F00B7CEED /* ScoreManager.swift in Sources */,
				CEA5A9732CBE7C4300B7CEED /* TrophyMenu.swift in Sources */,
			);
			runOnlyForDeploymentPostprocessing = 0;
		};
/* End PBXSourcesBuildPhase section */

/* Begin PBXVariantGroup section */
		CE3EF32E2CAC53CB00F39E96 /* Main.storyboard */ = {
			isa = PBXVariantGroup;
			children = (
				CE3EF32F2CAC53CB00F39E96 /* Base */,
			);
			name = Main.storyboard;
			sourceTree = "<group>";
		};
		CE3EF3332CAC53CD00F39E96 /* LaunchScreen.storyboard */ = {
			isa = PBXVariantGroup;
			children = (
				CE3EF3342CAC53CD00F39E96 /* Base */,
			);
			name = LaunchScreen.storyboard;
			sourceTree = "<group>";
		};
/* End PBXVariantGroup section */

/* Begin XCBuildConfiguration section */
		CE3EF3362CAC53CD00F39E96 /* Debug */ = {
			isa = XCBuildConfiguration;
			buildSettings = {
				ALWAYS_SEARCH_USER_PATHS = NO;
				ASSETCATALOG_COMPILER_GENERATE_SWIFT_ASSET_SYMBOL_EXTENSIONS = YES;
				CLANG_ANALYZER_NONNULL = YES;
				CLANG_ANALYZER_NUMBER_OBJECT_CONVERSION = YES_AGGRESSIVE;
				CLANG_CXX_LANGUAGE_STANDARD = "gnu++20";
				CLANG_ENABLE_MODULES = YES;
				CLANG_ENABLE_OBJC_ARC = YES;
				CLANG_ENABLE_OBJC_WEAK = YES;
				CLANG_WARN_BLOCK_CAPTURE_AUTORELEASING = YES;
				CLANG_WARN_BOOL_CONVERSION = YES;
				CLANG_WARN_COMMA = YES;
				CLANG_WARN_CONSTANT_CONVERSION = YES;
				CLANG_WARN_DEPRECATED_OBJC_IMPLEMENTATIONS = YES;
				CLANG_WARN_DIRECT_OBJC_ISA_USAGE = YES_ERROR;
				CLANG_WARN_DOCUMENTATION_COMMENTS = YES;
				CLANG_WARN_EMPTY_BODY = YES;
				CLANG_WARN_ENUM_CONVERSION = YES;
				CLANG_WARN_INFINITE_RECURSION = YES;
				CLANG_WARN_INT_CONVERSION = YES;
				CLANG_WARN_NON_LITERAL_NULL_CONVERSION = YES;
				CLANG_WARN_OBJC_IMPLICIT_RETAIN_SELF = YES;
				CLANG_WARN_OBJC_LITERAL_CONVERSION = YES;
				CLANG_WARN_OBJC_ROOT_CLASS = YES_ERROR;
				CLANG_WARN_QUOTED_INCLUDE_IN_FRAMEWORK_HEADER = YES;
				CLANG_WARN_RANGE_LOOP_ANALYSIS = YES;
				CLANG_WARN_STRICT_PROTOTYPES = YES;
				CLANG_WARN_SUSPICIOUS_MOVE = YES;
				CLANG_WARN_UNGUARDED_AVAILABILITY = YES_AGGRESSIVE;
				CLANG_WARN_UNREACHABLE_CODE = YES;
				CLANG_WARN__DUPLICATE_METHOD_MATCH = YES;
				COPY_PHASE_STRIP = NO;
				DEBUG_INFORMATION_FORMAT = dwarf;
				ENABLE_STRICT_OBJC_MSGSEND = YES;
				ENABLE_TESTABILITY = YES;
				ENABLE_USER_SCRIPT_SANDBOXING = YES;
				GCC_C_LANGUAGE_STANDARD = gnu17;
				GCC_DYNAMIC_NO_PIC = NO;
				GCC_NO_COMMON_BLOCKS = YES;
				GCC_OPTIMIZATION_LEVEL = 0;
				GCC_PREPROCESSOR_DEFINITIONS = (
					"DEBUG=1",
					"$(inherited)",
				);
				GCC_WARN_64_TO_32_BIT_CONVERSION = YES;
				GCC_WARN_ABOUT_RETURN_TYPE = YES_ERROR;
				GCC_WARN_UNDECLARED_SELECTOR = YES;
				GCC_WARN_UNINITIALIZED_AUTOS = YES_AGGRESSIVE;
				GCC_WARN_UNUSED_FUNCTION = YES;
				GCC_WARN_UNUSED_VARIABLE = YES;
				IPHONEOS_DEPLOYMENT_TARGET = 17.5;
				LOCALIZATION_PREFERS_STRING_CATALOGS = YES;
				MTL_ENABLE_DEBUG_INFO = INCLUDE_SOURCE;
				MTL_FAST_MATH = YES;
				ONLY_ACTIVE_ARCH = YES;
				SDKROOT = iphoneos;
				SWIFT_ACTIVE_COMPILATION_CONDITIONS = "DEBUG $(inherited)";
				SWIFT_OPTIMIZATION_LEVEL = "-Onone";
			};
			name = Debug;
		};
		CE3EF3372CAC53CD00F39E96 /* Release */ = {
			isa = XCBuildConfiguration;
			buildSettings = {
				ALWAYS_SEARCH_USER_PATHS = NO;
				ASSETCATALOG_COMPILER_GENERATE_SWIFT_ASSET_SYMBOL_EXTENSIONS = YES;
				CLANG_ANALYZER_NONNULL = YES;
				CLANG_ANALYZER_NUMBER_OBJECT_CONVERSION = YES_AGGRESSIVE;
				CLANG_CXX_LANGUAGE_STANDARD = "gnu++20";
				CLANG_ENABLE_MODULES = YES;
				CLANG_ENABLE_OBJC_ARC = YES;
				CLANG_ENABLE_OBJC_WEAK = YES;
				CLANG_WARN_BLOCK_CAPTURE_AUTORELEASING = YES;
				CLANG_WARN_BOOL_CONVERSION = YES;
				CLANG_WARN_COMMA = YES;
				CLANG_WARN_CONSTANT_CONVERSION = YES;
				CLANG_WARN_DEPRECATED_OBJC_IMPLEMENTATIONS = YES;
				CLANG_WARN_DIRECT_OBJC_ISA_USAGE = YES_ERROR;
				CLANG_WARN_DOCUMENTATION_COMMENTS = YES;
				CLANG_WARN_EMPTY_BODY = YES;
				CLANG_WARN_ENUM_CONVERSION = YES;
				CLANG_WARN_INFINITE_RECURSION = YES;
				CLANG_WARN_INT_CONVERSION = YES;
				CLANG_WARN_NON_LITERAL_NULL_CONVERSION = YES;
				CLANG_WARN_OBJC_IMPLICIT_RETAIN_SELF = YES;
				CLANG_WARN_OBJC_LITERAL_CONVERSION = YES;
				CLANG_WARN_OBJC_ROOT_CLASS = YES_ERROR;
				CLANG_WARN_QUOTED_INCLUDE_IN_FRAMEWORK_HEADER = YES;
				CLANG_WARN_RANGE_LOOP_ANALYSIS = YES;
				CLANG_WARN_STRICT_PROTOTYPES = YES;
				CLANG_WARN_SUSPICIOUS_MOVE = YES;
				CLANG_WARN_UNGUARDED_AVAILABILITY = YES_AGGRESSIVE;
				CLANG_WARN_UNREACHABLE_CODE = YES;
				CLANG_WARN__DUPLICATE_METHOD_MATCH = YES;
				COPY_PHASE_STRIP = NO;
				DEBUG_INFORMATION_FORMAT = "dwarf-with-dsym";
				ENABLE_NS_ASSERTIONS = NO;
				ENABLE_STRICT_OBJC_MSGSEND = YES;
				ENABLE_USER_SCRIPT_SANDBOXING = YES;
				GCC_C_LANGUAGE_STANDARD = gnu17;
				GCC_NO_COMMON_BLOCKS = YES;
				GCC_WARN_64_TO_32_BIT_CONVERSION = YES;
				GCC_WARN_ABOUT_RETURN_TYPE = YES_ERROR;
				GCC_WARN_UNDECLARED_SELECTOR = YES;
				GCC_WARN_UNINITIALIZED_AUTOS = YES_AGGRESSIVE;
				GCC_WARN_UNUSED_FUNCTION = YES;
				GCC_WARN_UNUSED_VARIABLE = YES;
				IPHONEOS_DEPLOYMENT_TARGET = 17.5;
				LOCALIZATION_PREFERS_STRING_CATALOGS = YES;
				MTL_ENABLE_DEBUG_INFO = NO;
				MTL_FAST_MATH = YES;
				SDKROOT = iphoneos;
				SWIFT_COMPILATION_MODE = wholemodule;
				VALIDATE_PRODUCT = YES;
			};
			name = Release;
		};
		CE3EF3392CAC53CD00F39E96 /* Debug */ = {
			isa = XCBuildConfiguration;
			buildSettings = {
				ASSETCATALOG_COMPILER_APPICON_NAME = AppIcon;
				ASSETCATALOG_COMPILER_GLOBAL_ACCENT_COLOR_NAME = AccentColor;
				CODE_SIGN_STYLE = Automatic;
				CURRENT_PROJECT_VERSION = 1;
				DEVELOPMENT_TEAM = S3W9D9246F;
				GENERATE_INFOPLIST_FILE = YES;
				INFOPLIST_FILE = Jump/Info.plist;
				INFOPLIST_KEY_UIApplicationSupportsIndirectInputEvents = YES;
				INFOPLIST_KEY_UILaunchStoryboardName = LaunchScreen;
				INFOPLIST_KEY_UIMainStoryboardFile = Main;
				INFOPLIST_KEY_UIRequiresFullScreen = YES;
				INFOPLIST_KEY_UIStatusBarHidden = YES;
				INFOPLIST_KEY_UISupportedInterfaceOrientations = UIInterfaceOrientationPortrait;
				LD_RUNPATH_SEARCH_PATHS = (
					"$(inherited)",
					"@executable_path/Frameworks",
				);
				MARKETING_VERSION = 1.0;
				PRODUCT_BUNDLE_IDENTIFIER = com.pavlokostenko.Jump;
				PRODUCT_NAME = "$(TARGET_NAME)";
				SUPPORTED_PLATFORMS = "iphoneos iphonesimulator";
				SUPPORTS_MACCATALYST = NO;
				SUPPORTS_MAC_DESIGNED_FOR_IPHONE_IPAD = NO;
				SUPPORTS_XR_DESIGNED_FOR_IPHONE_IPAD = NO;
				SWIFT_EMIT_LOC_STRINGS = YES;
				SWIFT_VERSION = 5.0;
				TARGETED_DEVICE_FAMILY = 1;
			};
			name = Debug;
		};
		CE3EF33A2CAC53CD00F39E96 /* Release */ = {
			isa = XCBuildConfiguration;
			buildSettings = {
				ASSETCATALOG_COMPILER_APPICON_NAME = AppIcon;
				ASSETCATALOG_COMPILER_GLOBAL_ACCENT_COLOR_NAME = AccentColor;
				CODE_SIGN_STYLE = Automatic;
				CURRENT_PROJECT_VERSION = 1;
				DEVELOPMENT_TEAM = S3W9D9246F;
				GENERATE_INFOPLIST_FILE = YES;
				INFOPLIST_FILE = Jump/Info.plist;
				INFOPLIST_KEY_UIApplicationSupportsIndirectInputEvents = YES;
				INFOPLIST_KEY_UILaunchStoryboardName = LaunchScreen;
				INFOPLIST_KEY_UIMainStoryboardFile = Main;
				INFOPLIST_KEY_UIRequiresFullScreen = YES;
				INFOPLIST_KEY_UIStatusBarHidden = YES;
				INFOPLIST_KEY_UISupportedInterfaceOrientations = UIInterfaceOrientationPortrait;
				LD_RUNPATH_SEARCH_PATHS = (
					"$(inherited)",
					"@executable_path/Frameworks",
				);
				MARKETING_VERSION = 1.0;
				PRODUCT_BUNDLE_IDENTIFIER = com.pavlokostenko.Jump;
				PRODUCT_NAME = "$(TARGET_NAME)";
				SUPPORTED_PLATFORMS = "iphoneos iphonesimulator";
				SUPPORTS_MACCATALYST = NO;
				SUPPORTS_MAC_DESIGNED_FOR_IPHONE_IPAD = NO;
				SUPPORTS_XR_DESIGNED_FOR_IPHONE_IPAD = NO;
				SWIFT_EMIT_LOC_STRINGS = YES;
				SWIFT_VERSION = 5.0;
				TARGETED_DEVICE_FAMILY = 1;
			};
			name = Release;
		};
/* End XCBuildConfiguration section */

/* Begin XCConfigurationList section */
		CE3EF31C2CAC53CB00F39E96 /* Build configuration list for PBXProject "Jump" */ = {
			isa = XCConfigurationList;
			buildConfigurations = (
				CE3EF3362CAC53CD00F39E96 /* Debug */,
				CE3EF3372CAC53CD00F39E96 /* Release */,
			);
			defaultConfigurationIsVisible = 0;
			defaultConfigurationName = Release;
		};
		CE3EF3382CAC53CD00F39E96 /* Build configuration list for PBXNativeTarget "Jump" */ = {
			isa = XCConfigurationList;
			buildConfigurations = (
				CE3EF3392CAC53CD00F39E96 /* Debug */,
				CE3EF33A2CAC53CD00F39E96 /* Release */,
			);
			defaultConfigurationIsVisible = 0;
			defaultConfigurationName = Release;
		};
/* End XCConfigurationList section */
	};
	rootObject = CE3EF3192CAC53CB00F39E96 /* Project object */;
}
